
Microsoft Visual Studio Solution File, Format Version 12.00
# Visual Studio Version 17
VisualStudioVersion = 17.8.34112.27
MinimumVisualStudioVersion = 10.0.40219.1
Project("{FAE04EC0-301F-11D3-BF4B-00C04F79EFBC}") = "conicet", "conicet.csproj", "{23B86024-C18F-44B7-A7DF-E952829C4337}"
EndProject
Global
	GlobalSection(SolutionConfigurationPlatforms) = preSolution
		Debug|Any CPU = Debug|Any CPU
		Release|Any CPU = Release|Any CPU
	EndGlobalSection
	GlobalSection(ProjectConfigurationPlatforms) = postSolution
		{23B86024-C18F-44B7-A7DF-E952829C4337}.Debug|Any CPU.ActiveCfg = Debug|Any CPU
		{23B86024-C18F-44B7-A7DF-E952829C4337}.Debug|Any CPU.Build.0 = Debug|Any CPU
		{23B86024-C18F-44B7-A7DF-E952829C4337}.Release|Any CPU.ActiveCfg = Release|Any CPU
		{23B86024-C18F-44B7-A7DF-E952829C4337}.Release|Any CPU.Build.0 = Release|Any CPU
	EndGlobalSection
	GlobalSection(SolutionProperties) = preSolution
		HideSolutionNode = FALSE
	EndGlobalSection
	GlobalSection(ExtensibilityGlobals) = postSolution
		SolutionGuid = {DC161E45-1843-457A-AA28-17F6DAE21FD1}
	EndGlobalSection
EndGlobal
